
Microsoft Visual Studio Solution File, Format Version 12.00
# Visual Studio 15
VisualStudioVersion = 15.0.27703.2035
MinimumVisualStudioVersion = 10.0.40219.1
Project("{FAE04EC0-301F-11D3-BF4B-00C04F79EFBC}") = "TaxiFarePrediction", "TaxiFarePrediction\TaxiFarePrediction.csproj", "{8AF4CB50-7E87-40BC-8B87-2A1363D560F3}"
EndProject
Global
	GlobalSection(SolutionConfigurationPlatforms) = preSolution
		Debug|Any CPU = Debug|Any CPU
		Release|Any CPU = Release|Any CPU
	EndGlobalSection
	GlobalSection(ProjectConfigurationPlatforms) = postSolution
		{8AF4CB50-7E87-40BC-8B87-2A1363D560F3}.Debug|Any CPU.ActiveCfg = Debug|Any CPU
		{8AF4CB50-7E87-40BC-8B87-2A1363D560F3}.Debug|Any CPU.Build.0 = Debug|Any CPU
		{8AF4CB50-7E87-40BC-8B87-2A1363D560F3}.Release|Any CPU.ActiveCfg = Release|Any CPU
		{8AF4CB50-7E87-40BC-8B87-2A1363D560F3}.Release|Any CPU.Build.0 = Release|Any CPU
	EndGlobalSection
	GlobalSection(SolutionProperties) = preSolution
		HideSolutionNode = FALSE
	EndGlobalSection
	GlobalSection(ExtensibilityGlobals) = postSolution
		SolutionGuid = {DE2E50A5-3668-4F55-A90E-B551FB69F6B2}
	EndGlobalSection
EndGlobal
